
Microsoft Visual Studio Solution File, Format Version 12.00
# Visual Studio 15
VisualStudioVersion = 15.0.27004.2010
MinimumVisualStudioVersion = 10.0.40219.1
Project("{FAE04EC0-301F-11D3-BF4B-00C04F79EFBC}") = "EntityFrameWorkSamples", "EntityFrameWorkSamples\EntityFrameWorkSamples.csproj", "{9AA87738-710A-4395-9D15-73516476218C}"
EndProject
Global
	GlobalSection(SolutionConfigurationPlatforms) = preSolution
		Debug|Any CPU = Debug|Any CPU
		Release|Any CPU = Release|Any CPU
	EndGlobalSection
	GlobalSection(ProjectConfigurationPlatforms) = postSolution
		{9AA87738-710A-4395-9D15-73516476218C}.Debug|Any CPU.ActiveCfg = Debug|Any CPU
		{9AA87738-710A-4395-9D15-73516476218C}.Debug|Any CPU.Build.0 = Debug|Any CPU
		{9AA87738-710A-4395-9D15-73516476218C}.Release|Any CPU.ActiveCfg = Release|Any CPU
		{9AA87738-710A-4395-9D15-73516476218C}.Release|Any CPU.Build.0 = Release|Any CPU
	EndGlobalSection
	GlobalSection(SolutionProperties) = preSolution
		HideSolutionNode = FALSE
	EndGlobalSection
	GlobalSection(ExtensibilityGlobals) = postSolution
		SolutionGuid = {FA5F6E59-0584-4C16-A1E9-A1E0A27E6001}
	EndGlobalSection
EndGlobal
