
Microsoft Visual Studio Solution File, Format Version 12.00
# Visual Studio 15
VisualStudioVersion = 15.0.27004.2010
MinimumVisualStudioVersion = 10.0.40219.1
Project("{FAE04EC0-301F-11D3-BF4B-00C04F79EFBC}") = "BlogMvcApp", "BlogMvcApp\BlogMvcApp.csproj", "{7092D882-0349-4CA2-A336-CD2BC35E6480}"
EndProject
Global
	GlobalSection(SolutionConfigurationPlatforms) = preSolution
		Debug|Any CPU = Debug|Any CPU
		Release|Any CPU = Release|Any CPU
	EndGlobalSection
	GlobalSection(ProjectConfigurationPlatforms) = postSolution
		{7092D882-0349-4CA2-A336-CD2BC35E6480}.Debug|Any CPU.ActiveCfg = Debug|Any CPU
		{7092D882-0349-4CA2-A336-CD2BC35E6480}.Debug|Any CPU.Build.0 = Debug|Any CPU
		{7092D882-0349-4CA2-A336-CD2BC35E6480}.Release|Any CPU.ActiveCfg = Release|Any CPU
		{7092D882-0349-4CA2-A336-CD2BC35E6480}.Release|Any CPU.Build.0 = Release|Any CPU
	EndGlobalSection
	GlobalSection(SolutionProperties) = preSolution
		HideSolutionNode = FALSE
	EndGlobalSection
	GlobalSection(ExtensibilityGlobals) = postSolution
		SolutionGuid = {90BF2A44-A6C3-4034-B07D-6337A39B4470}
	EndGlobalSection
EndGlobal
